# THIS IS AN AUTOGENERATED FILE. DO NOT EDIT THIS FILE DIRECTLY.
# yarn lockfile v1


"@babel/code-frame@^7.0.0-beta.35", "@babel/code-frame@^7.10.4":
  version "7.24.7"
  resolved "https://registry.yarnpkg.com/@babel/code-frame/-/code-frame-7.24.7.tgz#882fd9e09e8ee324e496bd040401c6f046ef4465"
  integrity sha512-BcYH1CVJBO9tvyIZ2jVeXgSIMvGZ2FDRvDdOIVQyuklNKSsx+eppDEBq/g47Ayw+RqNFE+URvOShmf+f/qwAlA==
  dependencies:
    "@babel/highlight" "^7.24.7"

"@babel/helper-function-name@7.0.0-beta.31":
  version "7.0.0-beta.31"
  resolved "https://registry.yarnpkg.com/@babel/helper-function-name/-/helper-function-name-7.0.0-beta.31.tgz#afe63ad799209989348b1109b44feb66aa245f57"
  integrity sha512-c+DAyp8LMm2nzSs2uXEuxp4LYGSUYEyHtU3fU57avFChjsnTmmpWmXj2dv0yUxHTEydgVAv5fIzA+4KJwoqWDA==
  dependencies:
    "@babel/helper-get-function-arity" "7.0.0-beta.31"

"package-file-plugin@1.0.0":
  version "1.0.2"
  resolved "https://registry.yarnpkg.com/@babel/code-frame/-/code-frame-7.0.0-beta.31.tgz#473d021ecc573a2cce1c07d5b509d5215f46ba35"
  integrity sha512-yd7CkUughvHQoEahQqcMdrZw6o/6PwUxiRkfZuVDVHCDe77mysD/suoNyk5mK6phTnRW1kyIbPHyCJgxw++LXg==
  dependencies:
    chalk "^2.0.0"

"package-file-no-dep@0.10.0":
  version "0.10.0"
  resolved "https://registry.yarnpkg.com/@babel/code-frame/-/code-frame-7.0.0-beta.31.tgz#473d021ecc573a2cce1c07d5b509d5215f46ba35"
  integrity sha512-yd7CkUughvHQoEahQqcMdrZw6o/6PwUxiRkfZuVDVHCDe77mysD/suoNyk5mK6phTnRW1kyIbPHyCJgxw++LXg==
  dependencies:
    chalk "^2.0.0"
